
Microsoft Visual Studio Solution File, Format Version 12.00
# Visual Studio 15
VisualStudioVersion = 15.0.27703.2035
MinimumVisualStudioVersion = 10.0.40219.1
Project("{FAE04EC0-301F-11D3-BF4B-00C04F79EFBC}") = "Task_New", "Task_New\Task_New.csproj", "{3AF904AB-98DA-452E-955F-59087CFF8FC6}"
EndProject
Global
	GlobalSection(SolutionConfigurationPlatforms) = preSolution
		Debug|Any CPU = Debug|Any CPU
		Release|Any CPU = Release|Any CPU
	EndGlobalSection
	GlobalSection(ProjectConfigurationPlatforms) = postSolution
		{3AF904AB-98DA-452E-955F-59087CFF8FC6}.Debug|Any CPU.ActiveCfg = Debug|Any CPU
		{3AF904AB-98DA-452E-955F-59087CFF8FC6}.Debug|Any CPU.Build.0 = Debug|Any CPU
		{3AF904AB-98DA-452E-955F-59087CFF8FC6}.Release|Any CPU.ActiveCfg = Release|Any CPU
		{3AF904AB-98DA-452E-955F-59087CFF8FC6}.Release|Any CPU.Build.0 = Release|Any CPU
	EndGlobalSection
	GlobalSection(SolutionProperties) = preSolution
		HideSolutionNode = FALSE
	EndGlobalSection
	GlobalSection(ExtensibilityGlobals) = postSolution
		SolutionGuid = {DFF57452-919A-4026-81F1-51C1CE8D58F3}
	EndGlobalSection
EndGlobal
